// !$*UTF8*$!
{
	archiveVersion = 1;
	classes = {
	};
	objectVersion = 56;
	objects = {

/* Begin PBXBuildFile section */
		30320D8F2A0A694700B659C6 /* AppDelegate.swift in Sources */ = {isa = PBXBuildFile; fileRef = 30320D8E2A0A694700B659C6 /* AppDelegate.swift */; };
		30320D912A0A694700B659C6 /* SceneDelegate.swift in Sources */ = {isa = PBXBuildFile; fileRef = 30320D902A0A694700B659C6 /* SceneDelegate.swift */; };
		30320D962A0A694700B659C6 /* Main.storyboard in Resources */ = {isa = PBXBuildFile; fileRef = 30320D942A0A694700B659C6 /* Main.storyboard */; };
		30320D982A0A694900B659C6 /* Assets.xcassets in Resources */ = {isa = PBXBuildFile; fileRef = 30320D972A0A694900B659C6 /* Assets.xcassets */; };
		30320D9B2A0A694900B659C6 /* LaunchScreen.storyboard in Resources */ = {isa = PBXBuildFile; fileRef = 30320D992A0A694900B659C6 /* LaunchScreen.storyboard */; };
		30320DA32A0A6A8800B659C6 /* Person.swift in Sources */ = {isa = PBXBuildFile; fileRef = 30320DA22A0A6A8800B659C6 /* Person.swift */; };
		30320DA52A0A6B7B00B659C6 /* Simulation.swift in Sources */ = {isa = PBXBuildFile; fileRef = 30320DA42A0A6B7B00B659C6 /* Simulation.swift */; };
		30320DA82A0A6D3800B659C6 /* PersonViewModel.swift in Sources */ = {isa = PBXBuildFile; fileRef = 30320DA72A0A6D3800B659C6 /* PersonViewModel.swift */; };
		30320DAB2A0A74B300B659C6 /* SimulationViewModel.swift in Sources */ = {isa = PBXBuildFile; fileRef = 30320DAA2A0A74B300B659C6 /* SimulationViewModel.swift */; };
		30320DB02A0A758400B659C6 /* ParametersViewController.swift in Sources */ = {isa = PBXBuildFile; fileRef = 30320DAF2A0A758400B659C6 /* ParametersViewController.swift */; };
		30320DB22A0A75FE00B659C6 /* SimulationViewController.swift in Sources */ = {isa = PBXBuildFile; fileRef = 30320DB12A0A75FE00B659C6 /* SimulationViewController.swift */; };
		30A26B712A0A883D0068CC4D /* PersonCollectionViewCell.swift in Sources */ = {isa = PBXBuildFile; fileRef = 30A26B702A0A883D0068CC4D /* PersonCollectionViewCell.swift */; };
		30A26B732A0A9D730068CC4D /* PersonView.swift in Sources */ = {isa = PBXBuildFile; fileRef = 30A26B722A0A9D730068CC4D /* PersonView.swift */; };
/* End PBXBuildFile section */

/* Begin PBXFileReference section */
		30320D8B2A0A694700B659C6 /* VirusSpreadSim.app */ = {isa = PBXFileReference; explicitFileType = wrapper.application; includeInIndex = 0; path = VirusSpreadSim.app; sourceTree = BUILT_PRODUCTS_DIR; };
		30320D8E2A0A694700B659C6 /* AppDelegate.swift */ = {isa = PBXFileReference; lastKnownFileType = sourcecode.swift; path = AppDelegate.swift; sourceTree = "<group>"; };
		30320D902A0A694700B659C6 /* SceneDelegate.swift */ = {isa = PBXFileReference; lastKnownFileType = sourcecode.swift; path = SceneDelegate.swift; sourceTree = "<group>"; };
		30320D952A0A694700B659C6 /* Base */ = {isa = PBXFileReference; lastKnownFileType = file.storyboard; name = Base; path = Base.lproj/Main.storyboard; sourceTree = "<group>"; };
		30320D972A0A694900B659C6 /* Assets.xcassets */ = {isa = PBXFileReference; lastKnownFileType = folder.assetcatalog; path = Assets.xcassets; sourceTree = "<group>"; };
		30320D9A2A0A694900B659C6 /* Base */ = {isa = PBXFileReference; lastKnownFileType = file.storyboard; name = Base; path = Base.lproj/LaunchScreen.storyboard; sourceTree = "<group>"; };
		30320D9C2A0A694900B659C6 /* Info.plist */ = {isa = PBXFileReference; lastKnownFileType = text.plist.xml; path = Info.plist; sourceTree = "<group>"; };
		30320DA22A0A6A8800B659C6 /* Person.swift */ = {isa = PBXFileReference; lastKnownFileType = sourcecode.swift; path = Person.swift; sourceTree = "<group>"; };
		30320DA42A0A6B7B00B659C6 /* Simulation.swift */ = {isa = PBXFileReference; lastKnownFileType = sourcecode.swift; path = Simulation.swift; sourceTree = "<group>"; };
		30320DA72A0A6D3800B659C6 /* PersonViewModel.swift */ = {isa = PBXFileReference; lastKnownFileType = sourcecode.swift; path = PersonViewModel.swift; sourceTree = "<group>"; };
		30320DAA2A0A74B300B659C6 /* SimulationViewModel.swift */ = {isa = PBXFileReference; lastKnownFileType = sourcecode.swift; path = SimulationViewModel.swift; sourceTree = "<group>"; };
		30320DAF2A0A758400B659C6 /* ParametersViewController.swift */ = {isa = PBXFileReference; lastKnownFileType = sourcecode.swift; path = ParametersViewController.swift; sourceTree = "<group>"; };
		30320DB12A0A75FE00B659C6 /* SimulationViewController.swift */ = {isa = PBXFileReference; lastKnownFileType = sourcecode.swift; path = SimulationViewController.swift; sourceTree = "<group>"; };
		30A26B702A0A883D0068CC4D /* PersonCollectionViewCell.swift */ = {isa = PBXFileReference; lastKnownFileType = sourcecode.swift; path = PersonCollectionViewCell.swift; sourceTree = "<group>"; };
		30A26B722A0A9D730068CC4D /* PersonView.swift */ = {isa = PBXFileReference; lastKnownFileType = sourcecode.swift; path = PersonView.swift; sourceTree = "<group>"; };
/* End PBXFileReference section */

/* Begin PBXFrameworksBuildPhase section */
		30320D882A0A694700B659C6 /* Frameworks */ = {
			isa = PBXFrameworksBuildPhase;
			buildActionMask = 2147483647;
			files = (
			);
			runOnlyForDeploymentPostprocessing = 0;
		};
/* End PBXFrameworksBuildPhase section */

/* Begin PBXGroup section */
		30320D822A0A694700B659C6 = {
			isa = PBXGroup;
			children = (
				30320D8D2A0A694700B659C6 /* VirusSpreadSim */,
				30320D8C2A0A694700B659C6 /* Products */,
			);
			sourceTree = "<group>";
		};
		30320D8C2A0A694700B659C6 /* Products */ = {
			isa = PBXGroup;
			children = (
				30320D8B2A0A694700B659C6 /* VirusSpreadSim.app */,
			);
			name = Products;
			sourceTree = "<group>";
		};
		30320D8D2A0A694700B659C6 /* VirusSpreadSim */ = {
			isa = PBXGroup;
			children = (
				30320D8E2A0A694700B659C6 /* AppDelegate.swift */,
				30320D902A0A694700B659C6 /* SceneDelegate.swift */,
				30320D942A0A694700B659C6 /* Main.storyboard */,
				30320DAC2A0A74D800B659C6 /* Views */,
				30320DB32A0A764400B659C6 /* ViewControllers */,
				30320DA92A0A748E00B659C6 /* ViewModels */,
				30320DA62A0A6BFD00B659C6 /* Models */,
				30320D972A0A694900B659C6 /* Assets.xcassets */,
				30320D992A0A694900B659C6 /* LaunchScreen.storyboard */,
				30320D9C2A0A694900B659C6 /* Info.plist */,
			);
			path = VirusSpreadSim;
			sourceTree = "<group>";
		};
		30320DA62A0A6BFD00B659C6 /* Models */ = {
			isa = PBXGroup;
			children = (
				30320DA22A0A6A8800B659C6 /* Person.swift */,
				30320DA42A0A6B7B00B659C6 /* Simulation.swift */,
			);
			path = Models;
			sourceTree = "<group>";
		};
		30320DA92A0A748E00B659C6 /* ViewModels */ = {
			isa = PBXGroup;
			children = (
				30320DA72A0A6D3800B659C6 /* PersonViewModel.swift */,
				30320DAA2A0A74B300B659C6 /* SimulationViewModel.swift */,
			);
			path = ViewModels;
			sourceTree = "<group>";
		};
		30320DAC2A0A74D800B659C6 /* Views */ = {
			isa = PBXGroup;
			children = (
				30A26B702A0A883D0068CC4D /* PersonCollectionViewCell.swift */,
				30A26B722A0A9D730068CC4D /* PersonView.swift */,
			);
			path = Views;
			sourceTree = "<group>";
		};
		30320DB32A0A764400B659C6 /* ViewControllers */ = {
			isa = PBXGroup;
			children = (
				30320DAF2A0A758400B659C6 /* ParametersViewController.swift */,
				30320DB12A0A75FE00B659C6 /* SimulationViewController.swift */,
			);
			path = ViewControllers;
			sourceTree = "<group>";
		};
/* End PBXGroup section */

/* Begin PBXNativeTarget section */
		30320D8A2A0A694700B659C6 /* VirusSpreadSim */ = {
			isa = PBXNativeTarget;
			buildConfigurationList = 30320D9F2A0A694900B659C6 /* Build configuration list for PBXNativeTarget "VirusSpreadSim" */;
			buildPhases = (
				30320D872A0A694700B659C6 /* Sources */,
				30320D882A0A694700B659C6 /* Frameworks */,
				30320D892A0A694700B659C6 /* Resources */,
			);
			buildRules = (
			);
			dependencies = (
			);
			name = VirusSpreadSim;
			productName = VirusSpreadSim;
			productReference = 30320D8B2A0A694700B659C6 /* VirusSpreadSim.app */;
			productType = "com.apple.product-type.application";
		};
/* End PBXNativeTarget section */

/* Begin PBXProject section */
		30320D832A0A694700B659C6 /* Project object */ = {
			isa = PBXProject;
			attributes = {
				BuildIndependentTargetsInParallel = 1;
				LastSwiftUpdateCheck = 1430;
				LastUpgradeCheck = 1430;
				TargetAttributes = {
					30320D8A2A0A694700B659C6 = {
						CreatedOnToolsVersion = 14.3;
					};
				};
			};
			buildConfigurationList = 30320D862A0A694700B659C6 /* Build configuration list for PBXProject "VirusSpreadSim" */;
			compatibilityVersion = "Xcode 14.0";
			developmentRegion = en;
			hasScannedForEncodings = 0;
			knownRegions = (
				en,
				Base,
			);
			mainGroup = 30320D822A0A694700B659C6;
			productRefGroup = 30320D8C2A0A694700B659C6 /* Products */;
			projectDirPath = "";
			projectRoot = "";
			targets = (
				30320D8A2A0A694700B659C6 /* VirusSpreadSim */,
			);
		};
/* End PBXProject section */

/* Begin PBXResourcesBuildPhase section */
		30320D892A0A694700B659C6 /* Resources */ = {
			isa = PBXResourcesBuildPhase;
			buildActionMask = 2147483647;
			files = (
				30320D9B2A0A694900B659C6 /* LaunchScreen.storyboard in Resources */,
				30320D982A0A694900B659C6 /* Assets.xcassets in Resources */,
				30320D962A0A694700B659C6 /* Main.storyboard in Resources */,
			);
			runOnlyForDeploymentPostprocessing = 0;
		};
/* End PBXResourcesBuildPhase section */

/* Begin PBXSourcesBuildPhase section */
		30320D872A0A694700B659C6 /* Sources */ = {
			isa = PBXSourcesBuildPhase;
			buildActionMask = 2147483647;
			files = (
				30320DB22A0A75FE00B659C6 /* SimulationViewController.swift in Sources */,
				30320D8F2A0A694700B659C6 /* AppDelegate.swift in Sources */,
				30320DAB2A0A74B300B659C6 /* SimulationViewModel.swift in Sources */,
				30320DA82A0A6D3800B659C6 /* PersonViewModel.swift in Sources */,
				30A26B712A0A883D0068CC4D /* PersonCollectionViewCell.swift in Sources */,
				30A26B732A0A9D730068CC4D /* PersonView.swift in Sources */,
				30320DA52A0A6B7B00B659C6 /* Simulation.swift in Sources */,
				30320DB02A0A758400B659C6 /* ParametersViewController.swift in Sources */,
				30320DA32A0A6A8800B659C6 /* Person.swift in Sources */,
				30320D912A0A694700B659C6 /* SceneDelegate.swift in Sources */,
			);
			runOnlyForDeploymentPostprocessing = 0;
		};
/* End PBXSourcesBuildPhase section */

/* Begin PBXVariantGroup section */
		30320D942A0A694700B659C6 /* Main.storyboard */ = {
			isa = PBXVariantGroup;
			children = (
				30320D952A0A694700B659C6 /* Base */,
			);
			name = Main.storyboard;
			sourceTree = "<group>";
		};
		30320D992A0A694900B659C6 /* LaunchScreen.storyboard */ = {
			isa = PBXVariantGroup;
			children = (
				30320D9A2A0A694900B659C6 /* Base */,
			);
			name = LaunchScreen.storyboard;
			sourceTree = "<group>";
		};
/* End PBXVariantGroup section */

/* Begin XCBuildConfiguration section */
		30320D9D2A0A694900B659C6 /* Debug */ = {
			isa = XCBuildConfiguration;
			buildSettings = {
				ALWAYS_SEARCH_USER_PATHS = NO;
				CLANG_ANALYZER_NONNULL = YES;
				CLANG_ANALYZER_NUMBER_OBJECT_CONVERSION = YES_AGGRESSIVE;
				CLANG_CXX_LANGUAGE_STANDARD = "gnu++20";
				CLANG_ENABLE_MODULES = YES;
				CLANG_ENABLE_OBJC_ARC = YES;
				CLANG_ENABLE_OBJC_WEAK = YES;
				CLANG_WARN_BLOCK_CAPTURE_AUTORELEASING = YES;
				CLANG_WARN_BOOL_CONVERSION = YES;
				CLANG_WARN_COMMA = YES;
				CLANG_WARN_CONSTANT_CONVERSION = YES;
				CLANG_WARN_DEPRECATED_OBJC_IMPLEMENTATIONS = YES;
				CLANG_WARN_DIRECT_OBJC_ISA_USAGE = YES_ERROR;
				CLANG_WARN_DOCUMENTATION_COMMENTS = YES;
				CLANG_WARN_EMPTY_BODY = YES;
				CLANG_WARN_ENUM_CONVERSION = YES;
				CLANG_WARN_INFINITE_RECURSION = YES;
				CLANG_WARN_INT_CONVERSION = YES;
				CLANG_WARN_NON_LITERAL_NULL_CONVERSION = YES;
				CLANG_WARN_OBJC_IMPLICIT_RETAIN_SELF = YES;
				CLANG_WARN_OBJC_LITERAL_CONVERSION = YES;
				CLANG_WARN_OBJC_ROOT_CLASS = YES_ERROR;
				CLANG_WARN_QUOTED_INCLUDE_IN_FRAMEWORK_HEADER = YES;
				CLANG_WARN_RANGE_LOOP_ANALYSIS = YES;
				CLANG_WARN_STRICT_PROTOTYPES = YES;
				CLANG_WARN_SUSPICIOUS_MOVE = YES;
				CLANG_WARN_UNGUARDED_AVAILABILITY = YES_AGGRESSIVE;
				CLANG_WARN_UNREACHABLE_CODE = YES;
				CLANG_WARN__DUPLICATE_METHOD_MATCH = YES;
				COPY_PHASE_STRIP = NO;
				DEBUG_INFORMATION_FORMAT = dwarf;
				ENABLE_STRICT_OBJC_MSGSEND = YES;
				ENABLE_TESTABILITY = YES;
				GCC_C_LANGUAGE_STANDARD = gnu11;
				GCC_DYNAMIC_NO_PIC = NO;
				GCC_NO_COMMON_BLOCKS = YES;
				GCC_OPTIMIZATION_LEVEL = 0;
				GCC_PREPROCESSOR_DEFINITIONS = (
					"DEBUG=1",
					"$(inherited)",
				);
				GCC_WARN_64_TO_32_BIT_CONVERSION = YES;
				GCC_WARN_ABOUT_RETURN_TYPE = YES_ERROR;
				GCC_WARN_UNDECLARED_SELECTOR = YES;
				GCC_WARN_UNINITIALIZED_AUTOS = YES_AGGRESSIVE;
				GCC_WARN_UNUSED_FUNCTION = YES;
				GCC_WARN_UNUSED_VARIABLE = YES;
				IPHONEOS_DEPLOYMENT_TARGET = 16.4;
				MTL_ENABLE_DEBUG_INFO = INCLUDE_SOURCE;
				MTL_FAST_MATH = YES;
				ONLY_ACTIVE_ARCH = YES;
				SDKROOT = iphoneos;
				SWIFT_ACTIVE_COMPILATION_CONDITIONS = DEBUG;
				SWIFT_OPTIMIZATION_LEVEL = "-Onone";
			};
			name = Debug;
		};
		30320D9E2A0A694900B659C6 /* Release */ = {
			isa = XCBuildConfiguration;
			buildSettings = {
				ALWAYS_SEARCH_USER_PATHS = NO;
				CLANG_ANALYZER_NONNULL = YES;
				CLANG_ANALYZER_NUMBER_OBJECT_CONVERSION = YES_AGGRESSIVE;
				CLANG_CXX_LANGUAGE_STANDARD = "gnu++20";
				CLANG_ENABLE_MODULES = YES;
				CLANG_ENABLE_OBJC_ARC = YES;
				CLANG_ENABLE_OBJC_WEAK = YES;
				CLANG_WARN_BLOCK_CAPTURE_AUTORELEASING = YES;
				CLANG_WARN_BOOL_CONVERSION = YES;
				CLANG_WARN_COMMA = YES;
				CLANG_WARN_CONSTANT_CONVERSION = YES;
				CLANG_WARN_DEPRECATED_OBJC_IMPLEMENTATIONS = YES;
				CLANG_WARN_DIRECT_OBJC_ISA_USAGE = YES_ERROR;
				CLANG_WARN_DOCUMENTATION_COMMENTS = YES;
				CLANG_WARN_EMPTY_BODY = YES;
				CLANG_WARN_ENUM_CONVERSION = YES;
				CLANG_WARN_INFINITE_RECURSION = YES;
				CLANG_WARN_INT_CONVERSION = YES;
				CLANG_WARN_NON_LITERAL_NULL_CONVERSION = YES;
				CLANG_WARN_OBJC_IMPLICIT_RETAIN_SELF = YES;
				CLANG_WARN_OBJC_LITERAL_CONVERSION = YES;
				CLANG_WARN_OBJC_ROOT_CLASS = YES_ERROR;
				CLANG_WARN_QUOTED_INCLUDE_IN_FRAMEWORK_HEADER = YES;
				CLANG_WARN_RANGE_LOOP_ANALYSIS = YES;
				CLANG_WARN_STRICT_PROTOTYPES = YES;
				CLANG_WARN_SUSPICIOUS_MOVE = YES;
				CLANG_WARN_UNGUARDED_AVAILABILITY = YES_AGGRESSIVE;
				CLANG_WARN_UNREACHABLE_CODE = YES;
				CLANG_WARN__DUPLICATE_METHOD_MATCH = YES;
				COPY_PHASE_STRIP = NO;
				DEBUG_INFORMATION_FORMAT = "dwarf-with-dsym";
				ENABLE_NS_ASSERTIONS = NO;
				ENABLE_STRICT_OBJC_MSGSEND = YES;
				GCC_C_LANGUAGE_STANDARD = gnu11;
				GCC_NO_COMMON_BLOCKS = YES;
				GCC_WARN_64_TO_32_BIT_CONVERSION = YES;
				GCC_WARN_ABOUT_RETURN_TYPE = YES_ERROR;
				GCC_WARN_UNDECLARED_SELECTOR = YES;
				GCC_WARN_UNINITIALIZED_AUTOS = YES_AGGRESSIVE;
				GCC_WARN_UNUSED_FUNCTION = YES;
				GCC_WARN_UNUSED_VARIABLE = YES;
				IPHONEOS_DEPLOYMENT_TARGET = 16.4;
				MTL_ENABLE_DEBUG_INFO = NO;
				MTL_FAST_MATH = YES;
				SDKROOT = iphoneos;
				SWIFT_COMPILATION_MODE = wholemodule;
				SWIFT_OPTIMIZATION_LEVEL = "-O";
				VALIDATE_PRODUCT = YES;
			};
			name = Release;
		};
		30320DA02A0A694900B659C6 /* Debug */ = {
			isa = XCBuildConfiguration;
			buildSettings = {
				ASSETCATALOG_COMPILER_APPICON_NAME = AppIcon;
				ASSETCATALOG_COMPILER_GLOBAL_ACCENT_COLOR_NAME = AccentColor;
				CODE_SIGN_STYLE = Automatic;
				CURRENT_PROJECT_VERSION = 1;
				DEVELOPMENT_TEAM = 6L7N87WCCB;
				GENERATE_INFOPLIST_FILE = YES;
				INFOPLIST_FILE = VirusSpreadSim/Info.plist;
				INFOPLIST_KEY_UIApplicationSupportsIndirectInputEvents = YES;
				INFOPLIST_KEY_UILaunchStoryboardName = LaunchScreen;
				INFOPLIST_KEY_UIMainStoryboardFile = Main;
				INFOPLIST_KEY_UISupportedInterfaceOrientations = UIInterfaceOrientationPortrait;
				INFOPLIST_KEY_UISupportedInterfaceOrientations_iPad = "UIInterfaceOrientationLandscapeLeft UIInterfaceOrientationLandscapeRight UIInterfaceOrientationPortrait UIInterfaceOrientationPortraitUpsideDown";
				LD_RUNPATH_SEARCH_PATHS = (
					"$(inherited)",
					"@executable_path/Frameworks",
				);
				MARKETING_VERSION = 1.0;
				PRODUCT_BUNDLE_IDENTIFIER = RG.VirusSpreadSim;
				PRODUCT_NAME = "$(TARGET_NAME)";
				SUPPORTED_PLATFORMS = "iphoneos iphonesimulator";
				SUPPORTS_MACCATALYST = NO;
				SUPPORTS_MAC_DESIGNED_FOR_IPHONE_IPAD = NO;
				SWIFT_EMIT_LOC_STRINGS = YES;
				SWIFT_VERSION = 5.0;
				TARGETED_DEVICE_FAMILY = 1;
			};
			name = Debug;
		};
		30320DA12A0A694900B659C6 /* Release */ = {
			isa = XCBuildConfiguration;
			buildSettings = {
				ASSETCATALOG_COMPILER_APPICON_NAME = AppIcon;
				ASSETCATALOG_COMPILER_GLOBAL_ACCENT_COLOR_NAME = AccentColor;
				CODE_SIGN_STYLE = Automatic;
				CURRENT_PROJECT_VERSION = 1;
				DEVELOPMENT_TEAM = 6L7N87WCCB;
				GENERATE_INFOPLIST_FILE = YES;
				INFOPLIST_FILE = VirusSpreadSim/Info.plist;
				INFOPLIST_KEY_UIApplicationSupportsIndirectInputEvents = YES;
				INFOPLIST_KEY_UILaunchStoryboardName = LaunchScreen;
				INFOPLIST_KEY_UIMainStoryboardFile = Main;
				INFOPLIST_KEY_UISupportedInterfaceOrientations = UIInterfaceOrientationPortrait;
				INFOPLIST_KEY_UISupportedInterfaceOrientations_iPad = "UIInterfaceOrientationLandscapeLeft UIInterfaceOrientationLandscapeRight UIInterfaceOrientationPortrait UIInterfaceOrientationPortraitUpsideDown";
				LD_RUNPATH_SEARCH_PATHS = (
					"$(inherited)",
					"@executable_path/Frameworks",
				);
				MARKETING_VERSION = 1.0;
				PRODUCT_BUNDLE_IDENTIFIER = RG.VirusSpreadSim;
				PRODUCT_NAME = "$(TARGET_NAME)";
				SUPPORTED_PLATFORMS = "iphoneos iphonesimulator";
				SUPPORTS_MACCATALYST = NO;
				SUPPORTS_MAC_DESIGNED_FOR_IPHONE_IPAD = NO;
				SWIFT_EMIT_LOC_STRINGS = YES;
				SWIFT_VERSION = 5.0;
				TARGETED_DEVICE_FAMILY = 1;
			};
			name = Release;
		};
/* End XCBuildConfiguration section */

/* Begin XCConfigurationList section */
		30320D862A0A694700B659C6 /* Build configuration list for PBXProject "VirusSpreadSim" */ = {
			isa = XCConfigurationList;
			buildConfigurations = (
				30320D9D2A0A694900B659C6 /* Debug */,
				30320D9E2A0A694900B659C6 /* Release */,
			);
			defaultConfigurationIsVisible = 0;
			defaultConfigurationName = Release;
		};
		30320D9F2A0A694900B659C6 /* Build configuration list for PBXNativeTarget "VirusSpreadSim" */ = {
			isa = XCConfigurationList;
			buildConfigurations = (
				30320DA02A0A694900B659C6 /* Debug */,
				30320DA12A0A694900B659C6 /* Release */,
			);
			defaultConfigurationIsVisible = 0;
			defaultConfigurationName = Release;
		};
/* End XCConfigurationList section */
	};
	rootObject = 30320D832A0A694700B659C6 /* Project object */;
}
